
Microsoft Visual Studio Solution File, Format Version 12.00
# Visual Studio Version 17
VisualStudioVersion = 17.5.33516.290
MinimumVisualStudioVersion = 10.0.40219.1
Project("{FAE04EC0-301F-11D3-BF4B-00C04F79EFBC}") = "Practicas", "Practicas\Practicas.csproj", "{EF036053-20CE-4EC5-87A3-ECD037FD8AA4}"
EndProject
Global
	GlobalSection(SolutionConfigurationPlatforms) = preSolution
		Debug|Any CPU = Debug|Any CPU
		Release|Any CPU = Release|Any CPU
	EndGlobalSection
	GlobalSection(ProjectConfigurationPlatforms) = postSolution
		{EF036053-20CE-4EC5-87A3-ECD037FD8AA4}.Debug|Any CPU.ActiveCfg = Debug|Any CPU
		{EF036053-20CE-4EC5-87A3-ECD037FD8AA4}.Debug|Any CPU.Build.0 = Debug|Any CPU
		{EF036053-20CE-4EC5-87A3-ECD037FD8AA4}.Release|Any CPU.ActiveCfg = Release|Any CPU
		{EF036053-20CE-4EC5-87A3-ECD037FD8AA4}.Release|Any CPU.Build.0 = Release|Any CPU
	EndGlobalSection
	GlobalSection(SolutionProperties) = preSolution
		HideSolutionNode = FALSE
	EndGlobalSection
	GlobalSection(ExtensibilityGlobals) = postSolution
		SolutionGuid = {96116E1E-11A3-45D1-8B4D-FF70C9809FF3}
	EndGlobalSection
EndGlobal
